
Microsoft Visual Studio Solution File, Format Version 12.00
# Visual Studio Version 17
VisualStudioVersion = 17.11.35327.3
MinimumVisualStudioVersion = 10.0.40219.1
Project("{FAE04EC0-301F-11D3-BF4B-00C04F79EFBC}") = "AutoNuoma", "AutoNuoma\AutoNuoma.csproj", "{6F476AF9-5DC9-4E23-B28E-415A9455FD50}"
EndProject
Project("{FAE04EC0-301F-11D3-BF4B-00C04F79EFBC}") = "AutoNuoma.Core", "AutoNuoma.Core\AutoNuoma.Core.csproj", "{5FE8FD77-81E0-420E-A62F-6D1B8C4BE0B2}"
EndProject
Project("{FAE04EC0-301F-11D3-BF4B-00C04F79EFBC}") = "AutoNuomaWeb", "AutoNuomaWeb\AutoNuomaWeb.csproj", "{EFE4D2AD-A01E-4378-B11E-D1441BA29FC6}"
EndProject
Global
	GlobalSection(SolutionConfigurationPlatforms) = preSolution
		Debug|Any CPU = Debug|Any CPU
		Release|Any CPU = Release|Any CPU
	EndGlobalSection
	GlobalSection(ProjectConfigurationPlatforms) = postSolution
		{6F476AF9-5DC9-4E23-B28E-415A9455FD50}.Debug|Any CPU.ActiveCfg = Debug|Any CPU
		{6F476AF9-5DC9-4E23-B28E-415A9455FD50}.Debug|Any CPU.Build.0 = Debug|Any CPU
		{6F476AF9-5DC9-4E23-B28E-415A9455FD50}.Release|Any CPU.ActiveCfg = Release|Any CPU
		{6F476AF9-5DC9-4E23-B28E-415A9455FD50}.Release|Any CPU.Build.0 = Release|Any CPU
		{5FE8FD77-81E0-420E-A62F-6D1B8C4BE0B2}.Debug|Any CPU.ActiveCfg = Debug|Any CPU
		{5FE8FD77-81E0-420E-A62F-6D1B8C4BE0B2}.Debug|Any CPU.Build.0 = Debug|Any CPU
		{5FE8FD77-81E0-420E-A62F-6D1B8C4BE0B2}.Release|Any CPU.ActiveCfg = Release|Any CPU
		{5FE8FD77-81E0-420E-A62F-6D1B8C4BE0B2}.Release|Any CPU.Build.0 = Release|Any CPU
		{EFE4D2AD-A01E-4378-B11E-D1441BA29FC6}.Debug|Any CPU.ActiveCfg = Debug|Any CPU
		{EFE4D2AD-A01E-4378-B11E-D1441BA29FC6}.Debug|Any CPU.Build.0 = Debug|Any CPU
		{EFE4D2AD-A01E-4378-B11E-D1441BA29FC6}.Release|Any CPU.ActiveCfg = Release|Any CPU
		{EFE4D2AD-A01E-4378-B11E-D1441BA29FC6}.Release|Any CPU.Build.0 = Release|Any CPU
	EndGlobalSection
	GlobalSection(SolutionProperties) = preSolution
		HideSolutionNode = FALSE
	EndGlobalSection
	GlobalSection(ExtensibilityGlobals) = postSolution
		SolutionGuid = {BB55F2DB-B9EC-448E-A64D-05993CE2CC85}
	EndGlobalSection
EndGlobal
